
Microsoft Visual Studio Solution File, Format Version 12.00
# Visual Studio 14
VisualStudioVersion = 14.0.25420.1
MinimumVisualStudioVersion = 10.0.40219.1
Project("{FAE04EC0-301F-11D3-BF4B-00C04F79EFBC}") = "PracticeCompanyPvtLtd.Website", "PracticeCompanyPvtLtd\PracticeCompanyPvtLtd.Website.csproj", "{AD9F9243-09EC-452B-B8EC-AC50100B61E0}"
EndProject
Project("{FAE04EC0-301F-11D3-BF4B-00C04F79EFBC}") = "PracticeCompanyPvtLtd.Business", "PracticeCompanyPvtLtd.Business\PracticeCompanyPvtLtd.Business.csproj", "{268008F0-F3DB-4FCB-BFDE-CBDD3424B00A}"
EndProject
Project("{FAE04EC0-301F-11D3-BF4B-00C04F79EFBC}") = "PracticeCompanyPvtLtd.Data", "PracticeCompanyPvtLtd.Data\PracticeCompanyPvtLtd.Data.csproj", "{114F69CE-D495-4EDB-9584-6A16E0DC93F4}"
EndProject
Project("{FAE04EC0-301F-11D3-BF4B-00C04F79EFBC}") = "PracticeCompanyPvtLtd.Business.Tests", "PracticeCompanyPvtLtd.Business.Tests\PracticeCompanyPvtLtd.Business.Tests.csproj", "{9DAEC863-8157-41D6-B53D-0111B991B709}"
EndProject
Project("{FAE04EC0-301F-11D3-BF4B-00C04F79EFBC}") = "PracticeCompanyPvtLtd.Models", "PracticeCompanyPvtLtd.Models\PracticeCompanyPvtLtd.Models.csproj", "{F56241A2-F269-451D-B0F8-A06A364BFC93}"
EndProject
Global
	GlobalSection(SolutionConfigurationPlatforms) = preSolution
		Debug|Any CPU = Debug|Any CPU
		Release|Any CPU = Release|Any CPU
	EndGlobalSection
	GlobalSection(ProjectConfigurationPlatforms) = postSolution
		{AD9F9243-09EC-452B-B8EC-AC50100B61E0}.Debug|Any CPU.ActiveCfg = Debug|Any CPU
		{AD9F9243-09EC-452B-B8EC-AC50100B61E0}.Debug|Any CPU.Build.0 = Debug|Any CPU
		{AD9F9243-09EC-452B-B8EC-AC50100B61E0}.Release|Any CPU.ActiveCfg = Release|Any CPU
		{AD9F9243-09EC-452B-B8EC-AC50100B61E0}.Release|Any CPU.Build.0 = Release|Any CPU
		{268008F0-F3DB-4FCB-BFDE-CBDD3424B00A}.Debug|Any CPU.ActiveCfg = Debug|Any CPU
		{268008F0-F3DB-4FCB-BFDE-CBDD3424B00A}.Debug|Any CPU.Build.0 = Debug|Any CPU
		{268008F0-F3DB-4FCB-BFDE-CBDD3424B00A}.Release|Any CPU.ActiveCfg = Release|Any CPU
		{268008F0-F3DB-4FCB-BFDE-CBDD3424B00A}.Release|Any CPU.Build.0 = Release|Any CPU
		{114F69CE-D495-4EDB-9584-6A16E0DC93F4}.Debug|Any CPU.ActiveCfg = Debug|Any CPU
		{114F69CE-D495-4EDB-9584-6A16E0DC93F4}.Debug|Any CPU.Build.0 = Debug|Any CPU
		{114F69CE-D495-4EDB-9584-6A16E0DC93F4}.Release|Any CPU.ActiveCfg = Release|Any CPU
		{114F69CE-D495-4EDB-9584-6A16E0DC93F4}.Release|Any CPU.Build.0 = Release|Any CPU
		{9DAEC863-8157-41D6-B53D-0111B991B709}.Debug|Any CPU.ActiveCfg = Debug|Any CPU
		{9DAEC863-8157-41D6-B53D-0111B991B709}.Debug|Any CPU.Build.0 = Debug|Any CPU
		{9DAEC863-8157-41D6-B53D-0111B991B709}.Release|Any CPU.ActiveCfg = Release|Any CPU
		{9DAEC863-8157-41D6-B53D-0111B991B709}.Release|Any CPU.Build.0 = Release|Any CPU
		{F56241A2-F269-451D-B0F8-A06A364BFC93}.Debug|Any CPU.ActiveCfg = Debug|Any CPU
		{F56241A2-F269-451D-B0F8-A06A364BFC93}.Debug|Any CPU.Build.0 = Debug|Any CPU
		{F56241A2-F269-451D-B0F8-A06A364BFC93}.Release|Any CPU.ActiveCfg = Release|Any CPU
		{F56241A2-F269-451D-B0F8-A06A364BFC93}.Release|Any CPU.Build.0 = Release|Any CPU
	EndGlobalSection
	GlobalSection(SolutionProperties) = preSolution
		HideSolutionNode = FALSE
	EndGlobalSection
EndGlobal
